// !$*UTF8*$!
{
	archiveVersion = 1;
	classes = {
	};
	objectVersion = 50;
	objects = {

/* Begin PBXBuildFile section */
		595EB98323F3B38A00E5FCC9 /* AppDelegate.swift in Sources */ = {isa = PBXBuildFile; fileRef = 595EB98223F3B38A00E5FCC9 /* AppDelegate.swift */; };
		595EB98523F3B38A00E5FCC9 /* SceneDelegate.swift in Sources */ = {isa = PBXBuildFile; fileRef = 595EB98423F3B38A00E5FCC9 /* SceneDelegate.swift */; };
		595EB98723F3B38A00E5FCC9 /* ViewController.swift in Sources */ = {isa = PBXBuildFile; fileRef = 595EB98623F3B38A00E5FCC9 /* ViewController.swift */; };
		595EB98A23F3B38A00E5FCC9 /* Main.storyboard in Resources */ = {isa = PBXBuildFile; fileRef = 595EB98823F3B38A00E5FCC9 /* Main.storyboard */; };
		595EB98C23F3B38C00E5FCC9 /* Assets.xcassets in Resources */ = {isa = PBXBuildFile; fileRef = 595EB98B23F3B38C00E5FCC9 /* Assets.xcassets */; };
		595EB98F23F3B38C00E5FCC9 /* LaunchScreen.storyboard in Resources */ = {isa = PBXBuildFile; fileRef = 595EB98D23F3B38C00E5FCC9 /* LaunchScreen.storyboard */; };
/* End PBXBuildFile section */

/* Begin PBXFileReference section */
		595EB97F23F3B38A00E5FCC9 /* GSAVPlayer.app */ = {isa = PBXFileReference; explicitFileType = wrapper.application; includeInIndex = 0; path = GSAVPlayer.app; sourceTree = BUILT_PRODUCTS_DIR; };
		595EB98223F3B38A00E5FCC9 /* AppDelegate.swift */ = {isa = PBXFileReference; lastKnownFileType = sourcecode.swift; path = AppDelegate.swift; sourceTree = "<group>"; };
		595EB98423F3B38A00E5FCC9 /* SceneDelegate.swift */ = {isa = PBXFileReference; lastKnownFileType = sourcecode.swift; path = SceneDelegate.swift; sourceTree = "<group>"; };
		595EB98623F3B38A00E5FCC9 /* ViewController.swift */ = {isa = PBXFileReference; lastKnownFileType = sourcecode.swift; path = ViewController.swift; sourceTree = "<group>"; };
		595EB98923F3B38A00E5FCC9 /* Base */ = {isa = PBXFileReference; lastKnownFileType = file.storyboard; name = Base; path = Base.lproj/Main.storyboard; sourceTree = "<group>"; };
		595EB98B23F3B38C00E5FCC9 /* Assets.xcassets */ = {isa = PBXFileReference; lastKnownFileType = folder.assetcatalog; path = Assets.xcassets; sourceTree = "<group>"; };
		595EB98E23F3B38C00E5FCC9 /* Base */ = {isa = PBXFileReference; lastKnownFileType = file.storyboard; name = Base; path = Base.lproj/LaunchScreen.storyboard; sourceTree = "<group>"; };
		595EB99023F3B38C00E5FCC9 /* Info.plist */ = {isa = PBXFileReference; lastKnownFileType = text.plist.xml; path = Info.plist; sourceTree = "<group>"; };
/* End PBXFileReference section */

/* Begin PBXFrameworksBuildPhase section */
		595EB97C23F3B38A00E5FCC9 /* Frameworks */ = {
			isa = PBXFrameworksBuildPhase;
			buildActionMask = 2147483647;
			files = (
			);
			runOnlyForDeploymentPostprocessing = 0;
		};
/* End PBXFrameworksBuildPhase section */

/* Begin PBXGroup section */
		595EB97623F3B38A00E5FCC9 = {
			isa = PBXGroup;
			children = (
				595EB98123F3B38A00E5FCC9 /* GSAVPlayer */,
				595EB98023F3B38A00E5FCC9 /* Products */,
			);
			sourceTree = "<group>";
		};
		595EB98023F3B38A00E5FCC9 /* Products */ = {
			isa = PBXGroup;
			children = (
				595EB97F23F3B38A00E5FCC9 /* GSAVPlayer.app */,
			);
			name = Products;
			sourceTree = "<group>";
		};
		595EB98123F3B38A00E5FCC9 /* GSAVPlayer */ = {
			isa = PBXGroup;
			children = (
				595EB98223F3B38A00E5FCC9 /* AppDelegate.swift */,
				595EB98423F3B38A00E5FCC9 /* SceneDelegate.swift */,
				595EB98623F3B38A00E5FCC9 /* ViewController.swift */,
				595EB98823F3B38A00E5FCC9 /* Main.storyboard */,
				595EB98B23F3B38C00E5FCC9 /* Assets.xcassets */,
				595EB98D23F3B38C00E5FCC9 /* LaunchScreen.storyboard */,
				595EB99023F3B38C00E5FCC9 /* Info.plist */,
			);
			path = GSAVPlayer;
			sourceTree = "<group>";
		};
/* End PBXGroup section */

/* Begin PBXNativeTarget section */
		595EB97E23F3B38A00E5FCC9 /* GSAVPlayer */ = {
			isa = PBXNativeTarget;
			buildConfigurationList = 595EB99323F3B38C00E5FCC9 /* Build configuration list for PBXNativeTarget "GSAVPlayer" */;
			buildPhases = (
				595EB97B23F3B38A00E5FCC9 /* Sources */,
				595EB97C23F3B38A00E5FCC9 /* Frameworks */,
				595EB97D23F3B38A00E5FCC9 /* Resources */,
			);
			buildRules = (
			);
			dependencies = (
			);
			name = GSAVPlayer;
			productName = GSAVPlayer;
			productReference = 595EB97F23F3B38A00E5FCC9 /* GSAVPlayer.app */;
			productType = "com.apple.product-type.application";
		};
/* End PBXNativeTarget section */

/* Begin PBXProject section */
		595EB97723F3B38A00E5FCC9 /* Project object */ = {
			isa = PBXProject;
			attributes = {
				LastSwiftUpdateCheck = 1130;
				LastUpgradeCheck = 1130;
				ORGANIZATIONNAME = iGatiTech;
				TargetAttributes = {
					595EB97E23F3B38A00E5FCC9 = {
						CreatedOnToolsVersion = 11.3.1;
					};
				};
			};
			buildConfigurationList = 595EB97A23F3B38A00E5FCC9 /* Build configuration list for PBXProject "GSAVPlayer" */;
			compatibilityVersion = "Xcode 9.3";
			developmentRegion = en;
			hasScannedForEncodings = 0;
			knownRegions = (
				en,
				Base,
			);
			mainGroup = 595EB97623F3B38A00E5FCC9;
			productRefGroup = 595EB98023F3B38A00E5FCC9 /* Products */;
			projectDirPath = "";
			projectRoot = "";
			targets = (
				595EB97E23F3B38A00E5FCC9 /* GSAVPlayer */,
			);
		};
/* End PBXProject section */

/* Begin PBXResourcesBuildPhase section */
		595EB97D23F3B38A00E5FCC9 /* Resources */ = {
			isa = PBXResourcesBuildPhase;
			buildActionMask = 2147483647;
			files = (
				595EB98F23F3B38C00E5FCC9 /* LaunchScreen.storyboard in Resources */,
				595EB98C23F3B38C00E5FCC9 /* Assets.xcassets in Resources */,
				595EB98A23F3B38A00E5FCC9 /* Main.storyboard in Resources */,
			);
			runOnlyForDeploymentPostprocessing = 0;
		};
/* End PBXResourcesBuildPhase section */

/* Begin PBXSourcesBuildPhase section */
		595EB97B23F3B38A00E5FCC9 /* Sources */ = {
			isa = PBXSourcesBuildPhase;
			buildActionMask = 2147483647;
			files = (
				595EB98723F3B38A00E5FCC9 /* ViewController.swift in Sources */,
				595EB98323F3B38A00E5FCC9 /* AppDelegate.swift in Sources */,
				595EB98523F3B38A00E5FCC9 /* SceneDelegate.swift in Sources */,
			);
			runOnlyForDeploymentPostprocessing = 0;
		};
/* End PBXSourcesBuildPhase section */

/* Begin PBXVariantGroup section */
		595EB98823F3B38A00E5FCC9 /* Main.storyboard */ = {
			isa = PBXVariantGroup;
			children = (
				595EB98923F3B38A00E5FCC9 /* Base */,
			);
			name = Main.storyboard;
			sourceTree = "<group>";
		};
		595EB98D23F3B38C00E5FCC9 /* LaunchScreen.storyboard */ = {
			isa = PBXVariantGroup;
			children = (
				595EB98E23F3B38C00E5FCC9 /* Base */,
			);
			name = LaunchScreen.storyboard;
			sourceTree = "<group>";
		};
/* End PBXVariantGroup section */

/* Begin XCBuildConfiguration section */
		595EB99123F3B38C00E5FCC9 /* Debug */ = {
			isa = XCBuildConfiguration;
			buildSettings = {
				ALWAYS_SEARCH_USER_PATHS = NO;
				CLANG_ANALYZER_NONNULL = YES;
				CLANG_ANALYZER_NUMBER_OBJECT_CONVERSION = YES_AGGRESSIVE;
				CLANG_CXX_LANGUAGE_STANDARD = "gnu++14";
				CLANG_CXX_LIBRARY = "libc++";
				CLANG_ENABLE_MODULES = YES;
				CLANG_ENABLE_OBJC_ARC = YES;
				CLANG_ENABLE_OBJC_WEAK = YES;
				CLANG_WARN_BLOCK_CAPTURE_AUTORELEASING = YES;
				CLANG_WARN_BOOL_CONVERSION = YES;
				CLANG_WARN_COMMA = YES;
				CLANG_WARN_CONSTANT_CONVERSION = YES;
				CLANG_WARN_DEPRECATED_OBJC_IMPLEMENTATIONS = YES;
				CLANG_WARN_DIRECT_OBJC_ISA_USAGE = YES_ERROR;
				CLANG_WARN_DOCUMENTATION_COMMENTS = YES;
				CLANG_WARN_EMPTY_BODY = YES;
				CLANG_WARN_ENUM_CONVERSION = YES;
				CLANG_WARN_INFINITE_RECURSION = YES;
				CLANG_WARN_INT_CONVERSION = YES;
				CLANG_WARN_NON_LITERAL_NULL_CONVERSION = YES;
				CLANG_WARN_OBJC_IMPLICIT_RETAIN_SELF = YES;
				CLANG_WARN_OBJC_LITERAL_CONVERSION = YES;
				CLANG_WARN_OBJC_ROOT_CLASS = YES_ERROR;
				CLANG_WARN_RANGE_LOOP_ANALYSIS = YES;
				CLANG_WARN_STRICT_PROTOTYPES = YES;
				CLANG_WARN_SUSPICIOUS_MOVE = YES;
				CLANG_WARN_UNGUARDED_AVAILABILITY = YES_AGGRESSIVE;
				CLANG_WARN_UNREACHABLE_CODE = YES;
				CLANG_WARN__DUPLICATE_METHOD_MATCH = YES;
				COPY_PHASE_STRIP = NO;
				DEBUG_INFORMATION_FORMAT = dwarf;
				ENABLE_STRICT_OBJC_MSGSEND = YES;
				ENABLE_TESTABILITY = YES;
				GCC_C_LANGUAGE_STANDARD = gnu11;
				GCC_DYNAMIC_NO_PIC = NO;
				GCC_NO_COMMON_BLOCKS = YES;
				GCC_OPTIMIZATION_LEVEL = 0;
				GCC_PREPROCESSOR_DEFINITIONS = (
					"DEBUG=1",
					"$(inherited)",
				);
				GCC_WARN_64_TO_32_BIT_CONVERSION = YES;
				GCC_WARN_ABOUT_RETURN_TYPE = YES_ERROR;
				GCC_WARN_UNDECLARED_SELECTOR = YES;
				GCC_WARN_UNINITIALIZED_AUTOS = YES_AGGRESSIVE;
				GCC_WARN_UNUSED_FUNCTION = YES;
				GCC_WARN_UNUSED_VARIABLE = YES;
				IPHONEOS_DEPLOYMENT_TARGET = 13.2;
				MTL_ENABLE_DEBUG_INFO = INCLUDE_SOURCE;
				MTL_FAST_MATH = YES;
				ONLY_ACTIVE_ARCH = YES;
				SDKROOT = iphoneos;
				SWIFT_ACTIVE_COMPILATION_CONDITIONS = DEBUG;
				SWIFT_OPTIMIZATION_LEVEL = "-Onone";
			};
			name = Debug;
		};
		595EB99223F3B38C00E5FCC9 /* Release */ = {
			isa = XCBuildConfiguration;
			buildSettings = {
				ALWAYS_SEARCH_USER_PATHS = NO;
				CLANG_ANALYZER_NONNULL = YES;
				CLANG_ANALYZER_NUMBER_OBJECT_CONVERSION = YES_AGGRESSIVE;
				CLANG_CXX_LANGUAGE_STANDARD = "gnu++14";
				CLANG_CXX_LIBRARY = "libc++";
				CLANG_ENABLE_MODULES = YES;
				CLANG_ENABLE_OBJC_ARC = YES;
				CLANG_ENABLE_OBJC_WEAK = YES;
				CLANG_WARN_BLOCK_CAPTURE_AUTORELEASING = YES;
				CLANG_WARN_BOOL_CONVERSION = YES;
				CLANG_WARN_COMMA = YES;
				CLANG_WARN_CONSTANT_CONVERSION = YES;
				CLANG_WARN_DEPRECATED_OBJC_IMPLEMENTATIONS = YES;
				CLANG_WARN_DIRECT_OBJC_ISA_USAGE = YES_ERROR;
				CLANG_WARN_DOCUMENTATION_COMMENTS = YES;
				CLANG_WARN_EMPTY_BODY = YES;
				CLANG_WARN_ENUM_CONVERSION = YES;
				CLANG_WARN_INFINITE_RECURSION = YES;
				CLANG_WARN_INT_CONVERSION = YES;
				CLANG_WARN_NON_LITERAL_NULL_CONVERSION = YES;
				CLANG_WARN_OBJC_IMPLICIT_RETAIN_SELF = YES;
				CLANG_WARN_OBJC_LITERAL_CONVERSION = YES;
				CLANG_WARN_OBJC_ROOT_CLASS = YES_ERROR;
				CLANG_WARN_RANGE_LOOP_ANALYSIS = YES;
				CLANG_WARN_STRICT_PROTOTYPES = YES;
				CLANG_WARN_SUSPICIOUS_MOVE = YES;
				CLANG_WARN_UNGUARDED_AVAILABILITY = YES_AGGRESSIVE;
				CLANG_WARN_UNREACHABLE_CODE = YES;
				CLANG_WARN__DUPLICATE_METHOD_MATCH = YES;
				COPY_PHASE_STRIP = NO;
				DEBUG_INFORMATION_FORMAT = "dwarf-with-dsym";
				ENABLE_NS_ASSERTIONS = NO;
				ENABLE_STRICT_OBJC_MSGSEND = YES;
				GCC_C_LANGUAGE_STANDARD = gnu11;
				GCC_NO_COMMON_BLOCKS = YES;
				GCC_WARN_64_TO_32_BIT_CONVERSION = YES;
				GCC_WARN_ABOUT_RETURN_TYPE = YES_ERROR;
				GCC_WARN_UNDECLARED_SELECTOR = YES;
				GCC_WARN_UNINITIALIZED_AUTOS = YES_AGGRESSIVE;
				GCC_WARN_UNUSED_FUNCTION = YES;
				GCC_WARN_UNUSED_VARIABLE = YES;
				IPHONEOS_DEPLOYMENT_TARGET = 13.2;
				MTL_ENABLE_DEBUG_INFO = NO;
				MTL_FAST_MATH = YES;
				SDKROOT = iphoneos;
				SWIFT_COMPILATION_MODE = wholemodule;
				SWIFT_OPTIMIZATION_LEVEL = "-O";
				VALIDATE_PRODUCT = YES;
			};
			name = Release;
		};
		595EB99423F3B38C00E5FCC9 /* Debug */ = {
			isa = XCBuildConfiguration;
			buildSettings = {
				ASSETCATALOG_COMPILER_APPICON_NAME = AppIcon;
				CODE_SIGN_STYLE = Automatic;
				INFOPLIST_FILE = GSAVPlayer/Info.plist;
				LD_RUNPATH_SEARCH_PATHS = (
					"$(inherited)",
					"@executable_path/Frameworks",
				);
				PRODUCT_BUNDLE_IDENTIFIER = com.iGatiTech.GSAVPlayer;
				PRODUCT_NAME = "$(TARGET_NAME)";
				SWIFT_VERSION = 5.0;
				TARGETED_DEVICE_FAMILY = "1,2";
			};
			name = Debug;
		};
		595EB99523F3B38C00E5FCC9 /* Release */ = {
			isa = XCBuildConfiguration;
			buildSettings = {
				ASSETCATALOG_COMPILER_APPICON_NAME = AppIcon;
				CODE_SIGN_STYLE = Automatic;
				INFOPLIST_FILE = GSAVPlayer/Info.plist;
				LD_RUNPATH_SEARCH_PATHS = (
					"$(inherited)",
					"@executable_path/Frameworks",
				);
				PRODUCT_BUNDLE_IDENTIFIER = com.iGatiTech.GSAVPlayer;
				PRODUCT_NAME = "$(TARGET_NAME)";
				SWIFT_VERSION = 5.0;
				TARGETED_DEVICE_FAMILY = "1,2";
			};
			name = Release;
		};
/* End XCBuildConfiguration section */

/* Begin XCConfigurationList section */
		595EB97A23F3B38A00E5FCC9 /* Build configuration list for PBXProject "GSAVPlayer" */ = {
			isa = XCConfigurationList;
			buildConfigurations = (
				595EB99123F3B38C00E5FCC9 /* Debug */,
				595EB99223F3B38C00E5FCC9 /* Release */,
			);
			defaultConfigurationIsVisible = 0;
			defaultConfigurationName = Release;
		};
		595EB99323F3B38C00E5FCC9 /* Build configuration list for PBXNativeTarget "GSAVPlayer" */ = {
			isa = XCConfigurationList;
			buildConfigurations = (
				595EB99423F3B38C00E5FCC9 /* Debug */,
				595EB99523F3B38C00E5FCC9 /* Release */,
			);
			defaultConfigurationIsVisible = 0;
			defaultConfigurationName = Release;
		};
/* End XCConfigurationList section */
	};
	rootObject = 595EB97723F3B38A00E5FCC9 /* Project object */;
}
